
Microsoft Visual Studio Solution File, Format Version 12.00
# Visual Studio 15
VisualStudioVersion = 15.0.26124.0
MinimumVisualStudioVersion = 15.0.26124.0
Project("{FAE04EC0-301F-11D3-BF4B-00C04F79EFBC}") = "Domain", "Domain\Domain.csproj", "{1879608B-F06F-4D0A-92B2-1FDDB52AFCC8}"
EndProject
Project("{FAE04EC0-301F-11D3-BF4B-00C04F79EFBC}") = "Application", "Application\Application.csproj", "{A317181D-28F9-4BBF-BF4D-FAE10C8BF7FE}"
EndProject
Project("{FAE04EC0-301F-11D3-BF4B-00C04F79EFBC}") = "Persistence", "Persistence\Persistence.csproj", "{B4C35C82-AE84-4A89-BB36-FE8BF0C17DFC}"
EndProject
Project("{FAE04EC0-301F-11D3-BF4B-00C04F79EFBC}") = "API", "API\API.csproj", "{874DFE07-0F20-49AC-985E-F443A2406465}"
EndProject
Project("{FAE04EC0-301F-11D3-BF4B-00C04F79EFBC}") = "Infrastructure", "Infrastructure\Infrastructure.csproj", "{D54E7D62-D1D8-4CAF-94A5-242ABE6D57CD}"
EndProject
Global
	GlobalSection(SolutionConfigurationPlatforms) = preSolution
		Debug|Any CPU = Debug|Any CPU
		Debug|x64 = Debug|x64
		Debug|x86 = Debug|x86
		Release|Any CPU = Release|Any CPU
		Release|x64 = Release|x64
		Release|x86 = Release|x86
	EndGlobalSection
	GlobalSection(SolutionProperties) = preSolution
		HideSolutionNode = FALSE
	EndGlobalSection
	GlobalSection(ProjectConfigurationPlatforms) = postSolution
		{1879608B-F06F-4D0A-92B2-1FDDB52AFCC8}.Debug|Any CPU.ActiveCfg = Debug|Any CPU
		{1879608B-F06F-4D0A-92B2-1FDDB52AFCC8}.Debug|Any CPU.Build.0 = Debug|Any CPU
		{1879608B-F06F-4D0A-92B2-1FDDB52AFCC8}.Debug|x64.ActiveCfg = Debug|Any CPU
		{1879608B-F06F-4D0A-92B2-1FDDB52AFCC8}.Debug|x64.Build.0 = Debug|Any CPU
		{1879608B-F06F-4D0A-92B2-1FDDB52AFCC8}.Debug|x86.ActiveCfg = Debug|Any CPU
		{1879608B-F06F-4D0A-92B2-1FDDB52AFCC8}.Debug|x86.Build.0 = Debug|Any CPU
		{1879608B-F06F-4D0A-92B2-1FDDB52AFCC8}.Release|Any CPU.ActiveCfg = Release|Any CPU
		{1879608B-F06F-4D0A-92B2-1FDDB52AFCC8}.Release|Any CPU.Build.0 = Release|Any CPU
		{1879608B-F06F-4D0A-92B2-1FDDB52AFCC8}.Release|x64.ActiveCfg = Release|Any CPU
		{1879608B-F06F-4D0A-92B2-1FDDB52AFCC8}.Release|x64.Build.0 = Release|Any CPU
		{1879608B-F06F-4D0A-92B2-1FDDB52AFCC8}.Release|x86.ActiveCfg = Release|Any CPU
		{1879608B-F06F-4D0A-92B2-1FDDB52AFCC8}.Release|x86.Build.0 = Release|Any CPU
		{A317181D-28F9-4BBF-BF4D-FAE10C8BF7FE}.Debug|Any CPU.ActiveCfg = Debug|Any CPU
		{A317181D-28F9-4BBF-BF4D-FAE10C8BF7FE}.Debug|Any CPU.Build.0 = Debug|Any CPU
		{A317181D-28F9-4BBF-BF4D-FAE10C8BF7FE}.Debug|x64.ActiveCfg = Debug|Any CPU
		{A317181D-28F9-4BBF-BF4D-FAE10C8BF7FE}.Debug|x64.Build.0 = Debug|Any CPU
		{A317181D-28F9-4BBF-BF4D-FAE10C8BF7FE}.Debug|x86.ActiveCfg = Debug|Any CPU
		{A317181D-28F9-4BBF-BF4D-FAE10C8BF7FE}.Debug|x86.Build.0 = Debug|Any CPU
		{A317181D-28F9-4BBF-BF4D-FAE10C8BF7FE}.Release|Any CPU.ActiveCfg = Release|Any CPU
		{A317181D-28F9-4BBF-BF4D-FAE10C8BF7FE}.Release|Any CPU.Build.0 = Release|Any CPU
		{A317181D-28F9-4BBF-BF4D-FAE10C8BF7FE}.Release|x64.ActiveCfg = Release|Any CPU
		{A317181D-28F9-4BBF-BF4D-FAE10C8BF7FE}.Release|x64.Build.0 = Release|Any CPU
		{A317181D-28F9-4BBF-BF4D-FAE10C8BF7FE}.Release|x86.ActiveCfg = Release|Any CPU
		{A317181D-28F9-4BBF-BF4D-FAE10C8BF7FE}.Release|x86.Build.0 = Release|Any CPU
		{B4C35C82-AE84-4A89-BB36-FE8BF0C17DFC}.Debug|Any CPU.ActiveCfg = Debug|Any CPU
		{B4C35C82-AE84-4A89-BB36-FE8BF0C17DFC}.Debug|Any CPU.Build.0 = Debug|Any CPU
		{B4C35C82-AE84-4A89-BB36-FE8BF0C17DFC}.Debug|x64.ActiveCfg = Debug|Any CPU
		{B4C35C82-AE84-4A89-BB36-FE8BF0C17DFC}.Debug|x64.Build.0 = Debug|Any CPU
		{B4C35C82-AE84-4A89-BB36-FE8BF0C17DFC}.Debug|x86.ActiveCfg = Debug|Any CPU
		{B4C35C82-AE84-4A89-BB36-FE8BF0C17DFC}.Debug|x86.Build.0 = Debug|Any CPU
		{B4C35C82-AE84-4A89-BB36-FE8BF0C17DFC}.Release|Any CPU.ActiveCfg = Release|Any CPU
		{B4C35C82-AE84-4A89-BB36-FE8BF0C17DFC}.Release|Any CPU.Build.0 = Release|Any CPU
		{B4C35C82-AE84-4A89-BB36-FE8BF0C17DFC}.Release|x64.ActiveCfg = Release|Any CPU
		{B4C35C82-AE84-4A89-BB36-FE8BF0C17DFC}.Release|x64.Build.0 = Release|Any CPU
		{B4C35C82-AE84-4A89-BB36-FE8BF0C17DFC}.Release|x86.ActiveCfg = Release|Any CPU
		{B4C35C82-AE84-4A89-BB36-FE8BF0C17DFC}.Release|x86.Build.0 = Release|Any CPU
		{874DFE07-0F20-49AC-985E-F443A2406465}.Debug|Any CPU.ActiveCfg = Debug|Any CPU
		{874DFE07-0F20-49AC-985E-F443A2406465}.Debug|Any CPU.Build.0 = Debug|Any CPU
		{874DFE07-0F20-49AC-985E-F443A2406465}.Debug|x64.ActiveCfg = Debug|Any CPU
		{874DFE07-0F20-49AC-985E-F443A2406465}.Debug|x64.Build.0 = Debug|Any CPU
		{874DFE07-0F20-49AC-985E-F443A2406465}.Debug|x86.ActiveCfg = Debug|Any CPU
		{874DFE07-0F20-49AC-985E-F443A2406465}.Debug|x86.Build.0 = Debug|Any CPU
		{874DFE07-0F20-49AC-985E-F443A2406465}.Release|Any CPU.ActiveCfg = Release|Any CPU
		{874DFE07-0F20-49AC-985E-F443A2406465}.Release|Any CPU.Build.0 = Release|Any CPU
		{874DFE07-0F20-49AC-985E-F443A2406465}.Release|x64.ActiveCfg = Release|Any CPU
		{874DFE07-0F20-49AC-985E-F443A2406465}.Release|x64.Build.0 = Release|Any CPU
		{874DFE07-0F20-49AC-985E-F443A2406465}.Release|x86.ActiveCfg = Release|Any CPU
		{874DFE07-0F20-49AC-985E-F443A2406465}.Release|x86.Build.0 = Release|Any CPU
		{D54E7D62-D1D8-4CAF-94A5-242ABE6D57CD}.Debug|Any CPU.ActiveCfg = Debug|Any CPU
		{D54E7D62-D1D8-4CAF-94A5-242ABE6D57CD}.Debug|Any CPU.Build.0 = Debug|Any CPU
		{D54E7D62-D1D8-4CAF-94A5-242ABE6D57CD}.Debug|x64.ActiveCfg = Debug|Any CPU
		{D54E7D62-D1D8-4CAF-94A5-242ABE6D57CD}.Debug|x64.Build.0 = Debug|Any CPU
		{D54E7D62-D1D8-4CAF-94A5-242ABE6D57CD}.Debug|x86.ActiveCfg = Debug|Any CPU
		{D54E7D62-D1D8-4CAF-94A5-242ABE6D57CD}.Debug|x86.Build.0 = Debug|Any CPU
		{D54E7D62-D1D8-4CAF-94A5-242ABE6D57CD}.Release|Any CPU.ActiveCfg = Release|Any CPU
		{D54E7D62-D1D8-4CAF-94A5-242ABE6D57CD}.Release|Any CPU.Build.0 = Release|Any CPU
		{D54E7D62-D1D8-4CAF-94A5-242ABE6D57CD}.Release|x64.ActiveCfg = Release|Any CPU
		{D54E7D62-D1D8-4CAF-94A5-242ABE6D57CD}.Release|x64.Build.0 = Release|Any CPU
		{D54E7D62-D1D8-4CAF-94A5-242ABE6D57CD}.Release|x86.ActiveCfg = Release|Any CPU
		{D54E7D62-D1D8-4CAF-94A5-242ABE6D57CD}.Release|x86.Build.0 = Release|Any CPU
	EndGlobalSection
EndGlobal
